
Microsoft Visual Studio Solution File, Format Version 12.00
# Visual Studio Version 16
VisualStudioVersion = 16.0.31424.327
MinimumVisualStudioVersion = 10.0.40219.1
Project("{FAE04EC0-301F-11D3-BF4B-00C04F79EFBC}") = "ZH3001", "ZH3001\ZH3001\ZH3001.csproj", "{4D7854BA-CAA9-4543-B25F-C480FD0D88DF}"
EndProject
Project("{FAE04EC0-301F-11D3-BF4B-00C04F79EFBC}") = "ZH311", "ZH311\ZH311\ZH311.csproj", "{CD31357A-D8D3-4AD1-BF0B-2ABCFD735F96}"
EndProject
Project("{FAE04EC0-301F-11D3-BF4B-00C04F79EFBC}") = "ZH1113", "ZH1113\ZH1113\ZH1113.csproj", "{645B9772-D351-4A92-9A56-D1EE446E81D3}"
EndProject
Project("{FAE04EC0-301F-11D3-BF4B-00C04F79EFBC}") = "ZH3501", "ZH3501\ZH3501\ZH3501.csproj", "{875890BA-D4A0-4100-A924-7F5842C7AB89}"
EndProject
Project("{FAE04EC0-301F-11D3-BF4B-00C04F79EFBC}") = "ZH1106", "ZH1106\ZH1106\ZH1106.csproj", "{64B8F059-9979-40D2-AA55-AB28D5DF8A8B}"
EndProject
Project("{FAE04EC0-301F-11D3-BF4B-00C04F79EFBC}") = "ZH.MeterProtocol", "ZH.MeterProtocol\ZH.MeterProtocol.csproj", "{D2741FCF-183D-4581-AFE8-2DF869B4246A}"
EndProject
Project("{2150E333-8FDC-42A3-9474-1A3956D46DE8}") = "帮助文档", "帮助文档", "{B96434F3-41BC-4BB7-824E-C212C91663D3}"
	ProjectSection(SolutionItems) = preProject
		TextFile1.txt = TextFile1.txt
		版本更新备注.txt = 版本更新备注.txt
	EndProjectSection
EndProject
Project("{FAE04EC0-301F-11D3-BF4B-00C04F79EFBC}") = "ZH_Rx_31", "RX_31\ZH_Rx_31\ZH_Rx_31.csproj", "{CFD6D70A-A7DE-4DA3-ACA6-7CA21960D4F6}"
EndProject
Project("{FAE04EC0-301F-11D3-BF4B-00C04F79EFBC}") = "E_CL309", "E_CL309\E_CL309\E_CL309.csproj", "{739B039D-FD89-486A-889F-44C74443DDB9}"
EndProject
Project("{2150E333-8FDC-42A3-9474-1A3956D46DE8}") = "DeviceS", "DeviceS", "{5D3D83A5-9061-4B82-BC28-7957B135E4A3}"
EndProject
Project("{FAE04EC0-301F-11D3-BF4B-00C04F79EFBC}") = "ZHHGQCTR", "ZHHGQCTR\ZHHGQCTR\ZHHGQCTR.csproj", "{15CB906F-8BE8-4F7A-80FA-7C538388DA24}"
EndProject
Project("{FAE04EC0-301F-11D3-BF4B-00C04F79EFBC}") = "ZH2029D", "ZH2029D\ZH2029D\ZH2029D.csproj", "{8CE01EA6-5758-42F8-9593-7D7A5C83692C}"
EndProject
Project("{FAE04EC0-301F-11D3-BF4B-00C04F79EFBC}") = "ZH2029B", "ZH2029B\ZH2029B\ZH2029B.csproj", "{64197B7D-F0E2-4B9C-946A-44A63555F2A4}"
EndProject
Project("{FAE04EC0-301F-11D3-BF4B-00C04F79EFBC}") = "ZH1104", "ZH1104\ZH1104\ZH1104.csproj", "{D0B46462-1310-4552-B35A-AD7E3FA1BD5A}"
EndProject
Project("{FAE04EC0-301F-11D3-BF4B-00C04F79EFBC}") = "E_CL191B", "E_CL191B\E_CL191B\E_CL191B.csproj", "{88191122-2EB1-4D3A-B4C9-B61E3372ECB2}"
EndProject
Project("{FAE04EC0-301F-11D3-BF4B-00C04F79EFBC}") = "Ainuo_WithstandVoltageInstrument", "Devices\Ainuo_WithstandVoltageInstrument\Ainuo_WithstandVoltageInstrument\Ainuo_WithstandVoltageInstrument.csproj", "{EB4FA23F-47D7-4323-9211-2CF60FED0A81}"
EndProject
Project("{FAE04EC0-301F-11D3-BF4B-00C04F79EFBC}") = "Ainuo_WithstandVoltagePlate", "Devices\Ainuo_WithstandVoltagePlate\Ainuo_WithstandVoltagePlate\Ainuo_WithstandVoltagePlate.csproj", "{39AD68C1-8FEF-4B75-82D8-2E6071680737}"
EndProject
Project("{FAE04EC0-301F-11D3-BF4B-00C04F79EFBC}") = "LYZD.Core", "LYZD.Core\LYZD.Core.csproj", "{830309E8-432D-437A-9F3E-D7A8925D09B8}"
EndProject
Project("{FAE04EC0-301F-11D3-BF4B-00C04F79EFBC}") = "LYZD.DAL", "LYZD.DAL\LYZD.DAL.csproj", "{5EF4554F-F70B-4499-8EF6-07CADD8AF843}"
EndProject
Project("{FAE04EC0-301F-11D3-BF4B-00C04F79EFBC}") = "LYZD.Mis", "LYZD.Mis\LYZD.Mis.csproj", "{92B1BD49-4868-4D88-B188-30F992E339E2}"
EndProject
Project("{FAE04EC0-301F-11D3-BF4B-00C04F79EFBC}") = "LYZD.Utility", "LYZD.Utility\LYZD.Utility.csproj", "{B51CD3E2-0663-4A0D-AF36-B16ED291F033}"
EndProject
Project("{FAE04EC0-301F-11D3-BF4B-00C04F79EFBC}") = "LYZD.Verify", "LYZD.Verify\LYZD.Verify.csproj", "{CB39CC18-6171-487E-BE1D-AB1B4C927A1E}"
EndProject
Project("{FAE04EC0-301F-11D3-BF4B-00C04F79EFBC}") = "LYZD.ViewModel", "LYZD.ViewModel\LYZD.ViewModel.csproj", "{9CB85F14-7126-4F14-98EA-F295F604E346}"
EndProject
Project("{FAE04EC0-301F-11D3-BF4B-00C04F79EFBC}") = "LYZD.WPF", "LYZD.WPF\LYZD.WPF.csproj", "{69238E0C-1637-4AA3-B98E-349AABD11B3A}"
EndProject
Project("{FAE04EC0-301F-11D3-BF4B-00C04F79EFBC}") = "LYZD.DataManager", "LYZD.Management\LYZD.DataManager.csproj", "{F69D0AF2-643D-4A01-A689-93FC2FBFA619}"
EndProject
Project("{FAE04EC0-301F-11D3-BF4B-00C04F79EFBC}") = "LYZD.TerminalProtocol", "LYZD.TerminalProtocol\LYZD.TerminalProtocol.csproj", "{2B05E7BF-F5A5-4C3D-BB92-30D3682A2B53}"
EndProject
Project("{FAE04EC0-301F-11D3-BF4B-00C04F79EFBC}") = "LYZD.SocketComm", "LYZD.SocketComm\LYZD.SocketComm.csproj", "{F0FBA8C9-0F75-486E-AAEF-419DF2E8B94E}"
EndProject
Project("{FAE04EC0-301F-11D3-BF4B-00C04F79EFBC}") = "ZH485", "ZH485\ZH485.csproj", "{E09AA06F-B839-413B-A2AE-EFCCE35190B8}"
EndProject
Project("{FAE04EC0-301F-11D3-BF4B-00C04F79EFBC}") = "LY.VirtualMeter", "LY.VirtualMeter\LY.VirtualMeter\LY.VirtualMeter.csproj", "{A2C340BC-0FBA-4022-B862-257048D5D44B}"
EndProject
Project("{FAE04EC0-301F-11D3-BF4B-00C04F79EFBC}") = "LYZD.TransferToPlatform", "LYZD.TransferToPlatform\LYZD.TransferToPlatform.csproj", "{CB97F966-D46D-4EE0-A65A-D4F30D19FF87}"
EndProject
Project("{FAE04EC0-301F-11D3-BF4B-00C04F79EFBC}") = "LY2001", "LY2001\LY2001.csproj", "{B000B0DA-8A60-40B3-9B1E-2C4CA74B2668}"
EndProject
Project("{FAE04EC0-301F-11D3-BF4B-00C04F79EFBC}") = "TerminalInitialization", "TerminalInitialization\TerminalInitialization.csproj", "{1852F61E-1813-4063-9A46-F4F51490D7D1}"
EndProject
Project("{FAE04EC0-301F-11D3-BF4B-00C04F79EFBC}") = "DatabaseInitialized", "DatabaseInitialized\DatabaseInitialized.csproj", "{07B39579-FA0C-40F8-9497-5EC4A9B33098}"
EndProject
Project("{FAE04EC0-301F-11D3-BF4B-00C04F79EFBC}") = "LYZD.CtrlCmd", "LYZD.CtrlCmd\LYZD.CtrlCmd.csproj", "{5F4935AE-CE53-442D-8BA7-F391DBB71404}"
EndProject
Global
	GlobalSection(SolutionConfigurationPlatforms) = preSolution
		Debug|Any CPU = Debug|Any CPU
		Debug|x64 = Debug|x64
		Debug|x86 = Debug|x86
		Release|Any CPU = Release|Any CPU
		Release|x64 = Release|x64
		Release|x86 = Release|x86
	EndGlobalSection
	GlobalSection(ProjectConfigurationPlatforms) = postSolution
		{4D7854BA-CAA9-4543-B25F-C480FD0D88DF}.Debug|Any CPU.ActiveCfg = Debug|Any CPU
		{4D7854BA-CAA9-4543-B25F-C480FD0D88DF}.Debug|Any CPU.Build.0 = Debug|Any CPU
		{4D7854BA-CAA9-4543-B25F-C480FD0D88DF}.Debug|x64.ActiveCfg = Debug|x64
		{4D7854BA-CAA9-4543-B25F-C480FD0D88DF}.Debug|x64.Build.0 = Debug|x64
		{4D7854BA-CAA9-4543-B25F-C480FD0D88DF}.Debug|x86.ActiveCfg = Debug|Any CPU
		{4D7854BA-CAA9-4543-B25F-C480FD0D88DF}.Debug|x86.Build.0 = Debug|Any CPU
		{4D7854BA-CAA9-4543-B25F-C480FD0D88DF}.Release|Any CPU.ActiveCfg = Release|Any CPU
		{4D7854BA-CAA9-4543-B25F-C480FD0D88DF}.Release|Any CPU.Build.0 = Release|Any CPU
		{4D7854BA-CAA9-4543-B25F-C480FD0D88DF}.Release|x64.ActiveCfg = Release|x64
		{4D7854BA-CAA9-4543-B25F-C480FD0D88DF}.Release|x64.Build.0 = Release|x64
		{4D7854BA-CAA9-4543-B25F-C480FD0D88DF}.Release|x86.ActiveCfg = Release|Any CPU
		{4D7854BA-CAA9-4543-B25F-C480FD0D88DF}.Release|x86.Build.0 = Release|Any CPU
		{CD31357A-D8D3-4AD1-BF0B-2ABCFD735F96}.Debug|Any CPU.ActiveCfg = Debug|Any CPU
		{CD31357A-D8D3-4AD1-BF0B-2ABCFD735F96}.Debug|Any CPU.Build.0 = Debug|Any CPU
		{CD31357A-D8D3-4AD1-BF0B-2ABCFD735F96}.Debug|x64.ActiveCfg = Debug|Any CPU
		{CD31357A-D8D3-4AD1-BF0B-2ABCFD735F96}.Debug|x64.Build.0 = Debug|Any CPU
		{CD31357A-D8D3-4AD1-BF0B-2ABCFD735F96}.Debug|x86.ActiveCfg = Debug|Any CPU
		{CD31357A-D8D3-4AD1-BF0B-2ABCFD735F96}.Debug|x86.Build.0 = Debug|Any CPU
		{CD31357A-D8D3-4AD1-BF0B-2ABCFD735F96}.Release|Any CPU.ActiveCfg = Release|Any CPU
		{CD31357A-D8D3-4AD1-BF0B-2ABCFD735F96}.Release|Any CPU.Build.0 = Release|Any CPU
		{CD31357A-D8D3-4AD1-BF0B-2ABCFD735F96}.Release|x64.ActiveCfg = Release|Any CPU
		{CD31357A-D8D3-4AD1-BF0B-2ABCFD735F96}.Release|x64.Build.0 = Release|Any CPU
		{CD31357A-D8D3-4AD1-BF0B-2ABCFD735F96}.Release|x86.ActiveCfg = Release|Any CPU
		{CD31357A-D8D3-4AD1-BF0B-2ABCFD735F96}.Release|x86.Build.0 = Release|Any CPU
		{645B9772-D351-4A92-9A56-D1EE446E81D3}.Debug|Any CPU.ActiveCfg = Debug|Any CPU
		{645B9772-D351-4A92-9A56-D1EE446E81D3}.Debug|Any CPU.Build.0 = Debug|Any CPU
		{645B9772-D351-4A92-9A56-D1EE446E81D3}.Debug|x64.ActiveCfg = Debug|Any CPU
		{645B9772-D351-4A92-9A56-D1EE446E81D3}.Debug|x64.Build.0 = Debug|Any CPU
		{645B9772-D351-4A92-9A56-D1EE446E81D3}.Debug|x86.ActiveCfg = Debug|Any CPU
		{645B9772-D351-4A92-9A56-D1EE446E81D3}.Debug|x86.Build.0 = Debug|Any CPU
		{645B9772-D351-4A92-9A56-D1EE446E81D3}.Release|Any CPU.ActiveCfg = Release|Any CPU
		{645B9772-D351-4A92-9A56-D1EE446E81D3}.Release|Any CPU.Build.0 = Release|Any CPU
		{645B9772-D351-4A92-9A56-D1EE446E81D3}.Release|x64.ActiveCfg = Release|Any CPU
		{645B9772-D351-4A92-9A56-D1EE446E81D3}.Release|x64.Build.0 = Release|Any CPU
		{645B9772-D351-4A92-9A56-D1EE446E81D3}.Release|x86.ActiveCfg = Release|Any CPU
		{645B9772-D351-4A92-9A56-D1EE446E81D3}.Release|x86.Build.0 = Release|Any CPU
		{875890BA-D4A0-4100-A924-7F5842C7AB89}.Debug|Any CPU.ActiveCfg = Debug|Any CPU
		{875890BA-D4A0-4100-A924-7F5842C7AB89}.Debug|Any CPU.Build.0 = Debug|Any CPU
		{875890BA-D4A0-4100-A924-7F5842C7AB89}.Debug|x64.ActiveCfg = Debug|Any CPU
		{875890BA-D4A0-4100-A924-7F5842C7AB89}.Debug|x64.Build.0 = Debug|Any CPU
		{875890BA-D4A0-4100-A924-7F5842C7AB89}.Debug|x86.ActiveCfg = Debug|Any CPU
		{875890BA-D4A0-4100-A924-7F5842C7AB89}.Debug|x86.Build.0 = Debug|Any CPU
		{875890BA-D4A0-4100-A924-7F5842C7AB89}.Release|Any CPU.ActiveCfg = Release|Any CPU
		{875890BA-D4A0-4100-A924-7F5842C7AB89}.Release|Any CPU.Build.0 = Release|Any CPU
		{875890BA-D4A0-4100-A924-7F5842C7AB89}.Release|x64.ActiveCfg = Release|Any CPU
		{875890BA-D4A0-4100-A924-7F5842C7AB89}.Release|x64.Build.0 = Release|Any CPU
		{875890BA-D4A0-4100-A924-7F5842C7AB89}.Release|x86.ActiveCfg = Release|Any CPU
		{875890BA-D4A0-4100-A924-7F5842C7AB89}.Release|x86.Build.0 = Release|Any CPU
		{64B8F059-9979-40D2-AA55-AB28D5DF8A8B}.Debug|Any CPU.ActiveCfg = Debug|Any CPU
		{64B8F059-9979-40D2-AA55-AB28D5DF8A8B}.Debug|Any CPU.Build.0 = Debug|Any CPU
		{64B8F059-9979-40D2-AA55-AB28D5DF8A8B}.Debug|x64.ActiveCfg = Debug|Any CPU
		{64B8F059-9979-40D2-AA55-AB28D5DF8A8B}.Debug|x64.Build.0 = Debug|Any CPU
		{64B8F059-9979-40D2-AA55-AB28D5DF8A8B}.Debug|x86.ActiveCfg = Debug|Any CPU
		{64B8F059-9979-40D2-AA55-AB28D5DF8A8B}.Debug|x86.Build.0 = Debug|Any CPU
		{64B8F059-9979-40D2-AA55-AB28D5DF8A8B}.Release|Any CPU.ActiveCfg = Release|Any CPU
		{64B8F059-9979-40D2-AA55-AB28D5DF8A8B}.Release|Any CPU.Build.0 = Release|Any CPU
		{64B8F059-9979-40D2-AA55-AB28D5DF8A8B}.Release|x64.ActiveCfg = Release|Any CPU
		{64B8F059-9979-40D2-AA55-AB28D5DF8A8B}.Release|x64.Build.0 = Release|Any CPU
		{64B8F059-9979-40D2-AA55-AB28D5DF8A8B}.Release|x86.ActiveCfg = Release|Any CPU
		{64B8F059-9979-40D2-AA55-AB28D5DF8A8B}.Release|x86.Build.0 = Release|Any CPU
		{D2741FCF-183D-4581-AFE8-2DF869B4246A}.Debug|Any CPU.ActiveCfg = Debug|Any CPU
		{D2741FCF-183D-4581-AFE8-2DF869B4246A}.Debug|Any CPU.Build.0 = Debug|Any CPU
		{D2741FCF-183D-4581-AFE8-2DF869B4246A}.Debug|x64.ActiveCfg = Debug|Any CPU
		{D2741FCF-183D-4581-AFE8-2DF869B4246A}.Debug|x64.Build.0 = Debug|Any CPU
		{D2741FCF-183D-4581-AFE8-2DF869B4246A}.Debug|x86.ActiveCfg = Debug|Any CPU
		{D2741FCF-183D-4581-AFE8-2DF869B4246A}.Debug|x86.Build.0 = Debug|Any CPU
		{D2741FCF-183D-4581-AFE8-2DF869B4246A}.Release|Any CPU.ActiveCfg = Release|Any CPU
		{D2741FCF-183D-4581-AFE8-2DF869B4246A}.Release|Any CPU.Build.0 = Release|Any CPU
		{D2741FCF-183D-4581-AFE8-2DF869B4246A}.Release|x64.ActiveCfg = Release|Any CPU
		{D2741FCF-183D-4581-AFE8-2DF869B4246A}.Release|x64.Build.0 = Release|Any CPU
		{D2741FCF-183D-4581-AFE8-2DF869B4246A}.Release|x86.ActiveCfg = Release|Any CPU
		{D2741FCF-183D-4581-AFE8-2DF869B4246A}.Release|x86.Build.0 = Release|Any CPU
		{CFD6D70A-A7DE-4DA3-ACA6-7CA21960D4F6}.Debug|Any CPU.ActiveCfg = Debug|Any CPU
		{CFD6D70A-A7DE-4DA3-ACA6-7CA21960D4F6}.Debug|Any CPU.Build.0 = Debug|Any CPU
		{CFD6D70A-A7DE-4DA3-ACA6-7CA21960D4F6}.Debug|x64.ActiveCfg = Debug|Any CPU
		{CFD6D70A-A7DE-4DA3-ACA6-7CA21960D4F6}.Debug|x64.Build.0 = Debug|Any CPU
		{CFD6D70A-A7DE-4DA3-ACA6-7CA21960D4F6}.Debug|x86.ActiveCfg = Debug|Any CPU
		{CFD6D70A-A7DE-4DA3-ACA6-7CA21960D4F6}.Debug|x86.Build.0 = Debug|Any CPU
		{CFD6D70A-A7DE-4DA3-ACA6-7CA21960D4F6}.Release|Any CPU.ActiveCfg = Release|Any CPU
		{CFD6D70A-A7DE-4DA3-ACA6-7CA21960D4F6}.Release|Any CPU.Build.0 = Release|Any CPU
		{CFD6D70A-A7DE-4DA3-ACA6-7CA21960D4F6}.Release|x64.ActiveCfg = Release|Any CPU
		{CFD6D70A-A7DE-4DA3-ACA6-7CA21960D4F6}.Release|x64.Build.0 = Release|Any CPU
		{CFD6D70A-A7DE-4DA3-ACA6-7CA21960D4F6}.Release|x86.ActiveCfg = Release|Any CPU
		{CFD6D70A-A7DE-4DA3-ACA6-7CA21960D4F6}.Release|x86.Build.0 = Release|Any CPU
		{739B039D-FD89-486A-889F-44C74443DDB9}.Debug|Any CPU.ActiveCfg = Debug|Any CPU
		{739B039D-FD89-486A-889F-44C74443DDB9}.Debug|Any CPU.Build.0 = Debug|Any CPU
		{739B039D-FD89-486A-889F-44C74443DDB9}.Debug|x64.ActiveCfg = Debug|Any CPU
		{739B039D-FD89-486A-889F-44C74443DDB9}.Debug|x64.Build.0 = Debug|Any CPU
		{739B039D-FD89-486A-889F-44C74443DDB9}.Debug|x86.ActiveCfg = Debug|Any CPU
		{739B039D-FD89-486A-889F-44C74443DDB9}.Debug|x86.Build.0 = Debug|Any CPU
		{739B039D-FD89-486A-889F-44C74443DDB9}.Release|Any CPU.ActiveCfg = Release|Any CPU
		{739B039D-FD89-486A-889F-44C74443DDB9}.Release|Any CPU.Build.0 = Release|Any CPU
		{739B039D-FD89-486A-889F-44C74443DDB9}.Release|x64.ActiveCfg = Release|Any CPU
		{739B039D-FD89-486A-889F-44C74443DDB9}.Release|x64.Build.0 = Release|Any CPU
		{739B039D-FD89-486A-889F-44C74443DDB9}.Release|x86.ActiveCfg = Release|Any CPU
		{739B039D-FD89-486A-889F-44C74443DDB9}.Release|x86.Build.0 = Release|Any CPU
		{15CB906F-8BE8-4F7A-80FA-7C538388DA24}.Debug|Any CPU.ActiveCfg = Debug|Any CPU
		{15CB906F-8BE8-4F7A-80FA-7C538388DA24}.Debug|Any CPU.Build.0 = Debug|Any CPU
		{15CB906F-8BE8-4F7A-80FA-7C538388DA24}.Debug|x64.ActiveCfg = Debug|Any CPU
		{15CB906F-8BE8-4F7A-80FA-7C538388DA24}.Debug|x64.Build.0 = Debug|Any CPU
		{15CB906F-8BE8-4F7A-80FA-7C538388DA24}.Debug|x86.ActiveCfg = Debug|Any CPU
		{15CB906F-8BE8-4F7A-80FA-7C538388DA24}.Debug|x86.Build.0 = Debug|Any CPU
		{15CB906F-8BE8-4F7A-80FA-7C538388DA24}.Release|Any CPU.ActiveCfg = Release|Any CPU
		{15CB906F-8BE8-4F7A-80FA-7C538388DA24}.Release|Any CPU.Build.0 = Release|Any CPU
		{15CB906F-8BE8-4F7A-80FA-7C538388DA24}.Release|x64.ActiveCfg = Release|Any CPU
		{15CB906F-8BE8-4F7A-80FA-7C538388DA24}.Release|x64.Build.0 = Release|Any CPU
		{15CB906F-8BE8-4F7A-80FA-7C538388DA24}.Release|x86.ActiveCfg = Release|Any CPU
		{15CB906F-8BE8-4F7A-80FA-7C538388DA24}.Release|x86.Build.0 = Release|Any CPU
		{8CE01EA6-5758-42F8-9593-7D7A5C83692C}.Debug|Any CPU.ActiveCfg = Debug|Any CPU
		{8CE01EA6-5758-42F8-9593-7D7A5C83692C}.Debug|Any CPU.Build.0 = Debug|Any CPU
		{8CE01EA6-5758-42F8-9593-7D7A5C83692C}.Debug|x64.ActiveCfg = Debug|Any CPU
		{8CE01EA6-5758-42F8-9593-7D7A5C83692C}.Debug|x64.Build.0 = Debug|Any CPU
		{8CE01EA6-5758-42F8-9593-7D7A5C83692C}.Debug|x86.ActiveCfg = Debug|Any CPU
		{8CE01EA6-5758-42F8-9593-7D7A5C83692C}.Debug|x86.Build.0 = Debug|Any CPU
		{8CE01EA6-5758-42F8-9593-7D7A5C83692C}.Release|Any CPU.ActiveCfg = Release|Any CPU
		{8CE01EA6-5758-42F8-9593-7D7A5C83692C}.Release|Any CPU.Build.0 = Release|Any CPU
		{8CE01EA6-5758-42F8-9593-7D7A5C83692C}.Release|x64.ActiveCfg = Release|Any CPU
		{8CE01EA6-5758-42F8-9593-7D7A5C83692C}.Release|x64.Build.0 = Release|Any CPU
		{8CE01EA6-5758-42F8-9593-7D7A5C83692C}.Release|x86.ActiveCfg = Release|Any CPU
		{8CE01EA6-5758-42F8-9593-7D7A5C83692C}.Release|x86.Build.0 = Release|Any CPU
		{64197B7D-F0E2-4B9C-946A-44A63555F2A4}.Debug|Any CPU.ActiveCfg = Debug|Any CPU
		{64197B7D-F0E2-4B9C-946A-44A63555F2A4}.Debug|Any CPU.Build.0 = Debug|Any CPU
		{64197B7D-F0E2-4B9C-946A-44A63555F2A4}.Debug|x64.ActiveCfg = Debug|Any CPU
		{64197B7D-F0E2-4B9C-946A-44A63555F2A4}.Debug|x64.Build.0 = Debug|Any CPU
		{64197B7D-F0E2-4B9C-946A-44A63555F2A4}.Debug|x86.ActiveCfg = Debug|Any CPU
		{64197B7D-F0E2-4B9C-946A-44A63555F2A4}.Debug|x86.Build.0 = Debug|Any CPU
		{64197B7D-F0E2-4B9C-946A-44A63555F2A4}.Release|Any CPU.ActiveCfg = Release|Any CPU
		{64197B7D-F0E2-4B9C-946A-44A63555F2A4}.Release|Any CPU.Build.0 = Release|Any CPU
		{64197B7D-F0E2-4B9C-946A-44A63555F2A4}.Release|x64.ActiveCfg = Release|Any CPU
		{64197B7D-F0E2-4B9C-946A-44A63555F2A4}.Release|x64.Build.0 = Release|Any CPU
		{64197B7D-F0E2-4B9C-946A-44A63555F2A4}.Release|x86.ActiveCfg = Release|Any CPU
		{64197B7D-F0E2-4B9C-946A-44A63555F2A4}.Release|x86.Build.0 = Release|Any CPU
		{D0B46462-1310-4552-B35A-AD7E3FA1BD5A}.Debug|Any CPU.ActiveCfg = Debug|Any CPU
		{D0B46462-1310-4552-B35A-AD7E3FA1BD5A}.Debug|Any CPU.Build.0 = Debug|Any CPU
		{D0B46462-1310-4552-B35A-AD7E3FA1BD5A}.Debug|x64.ActiveCfg = Debug|Any CPU
		{D0B46462-1310-4552-B35A-AD7E3FA1BD5A}.Debug|x64.Build.0 = Debug|Any CPU
		{D0B46462-1310-4552-B35A-AD7E3FA1BD5A}.Debug|x86.ActiveCfg = Debug|Any CPU
		{D0B46462-1310-4552-B35A-AD7E3FA1BD5A}.Debug|x86.Build.0 = Debug|Any CPU
		{D0B46462-1310-4552-B35A-AD7E3FA1BD5A}.Release|Any CPU.ActiveCfg = Release|Any CPU
		{D0B46462-1310-4552-B35A-AD7E3FA1BD5A}.Release|Any CPU.Build.0 = Release|Any CPU
		{D0B46462-1310-4552-B35A-AD7E3FA1BD5A}.Release|x64.ActiveCfg = Release|Any CPU
		{D0B46462-1310-4552-B35A-AD7E3FA1BD5A}.Release|x64.Build.0 = Release|Any CPU
		{D0B46462-1310-4552-B35A-AD7E3FA1BD5A}.Release|x86.ActiveCfg = Release|Any CPU
		{D0B46462-1310-4552-B35A-AD7E3FA1BD5A}.Release|x86.Build.0 = Release|Any CPU
		{88191122-2EB1-4D3A-B4C9-B61E3372ECB2}.Debug|Any CPU.ActiveCfg = Debug|Any CPU
		{88191122-2EB1-4D3A-B4C9-B61E3372ECB2}.Debug|Any CPU.Build.0 = Debug|Any CPU
		{88191122-2EB1-4D3A-B4C9-B61E3372ECB2}.Debug|x64.ActiveCfg = Debug|Any CPU
		{88191122-2EB1-4D3A-B4C9-B61E3372ECB2}.Debug|x64.Build.0 = Debug|Any CPU
		{88191122-2EB1-4D3A-B4C9-B61E3372ECB2}.Debug|x86.ActiveCfg = Debug|Any CPU
		{88191122-2EB1-4D3A-B4C9-B61E3372ECB2}.Debug|x86.Build.0 = Debug|Any CPU
		{88191122-2EB1-4D3A-B4C9-B61E3372ECB2}.Release|Any CPU.ActiveCfg = Release|Any CPU
		{88191122-2EB1-4D3A-B4C9-B61E3372ECB2}.Release|Any CPU.Build.0 = Release|Any CPU
		{88191122-2EB1-4D3A-B4C9-B61E3372ECB2}.Release|x64.ActiveCfg = Release|Any CPU
		{88191122-2EB1-4D3A-B4C9-B61E3372ECB2}.Release|x64.Build.0 = Release|Any CPU
		{88191122-2EB1-4D3A-B4C9-B61E3372ECB2}.Release|x86.ActiveCfg = Release|Any CPU
		{88191122-2EB1-4D3A-B4C9-B61E3372ECB2}.Release|x86.Build.0 = Release|Any CPU
		{EB4FA23F-47D7-4323-9211-2CF60FED0A81}.Debug|Any CPU.ActiveCfg = Debug|Any CPU
		{EB4FA23F-47D7-4323-9211-2CF60FED0A81}.Debug|Any CPU.Build.0 = Debug|Any CPU
		{EB4FA23F-47D7-4323-9211-2CF60FED0A81}.Debug|x64.ActiveCfg = Debug|Any CPU
		{EB4FA23F-47D7-4323-9211-2CF60FED0A81}.Debug|x64.Build.0 = Debug|Any CPU
		{EB4FA23F-47D7-4323-9211-2CF60FED0A81}.Debug|x86.ActiveCfg = Debug|Any CPU
		{EB4FA23F-47D7-4323-9211-2CF60FED0A81}.Debug|x86.Build.0 = Debug|Any CPU
		{EB4FA23F-47D7-4323-9211-2CF60FED0A81}.Release|Any CPU.ActiveCfg = Release|Any CPU
		{EB4FA23F-47D7-4323-9211-2CF60FED0A81}.Release|Any CPU.Build.0 = Release|Any CPU
		{EB4FA23F-47D7-4323-9211-2CF60FED0A81}.Release|x64.ActiveCfg = Release|Any CPU
		{EB4FA23F-47D7-4323-9211-2CF60FED0A81}.Release|x64.Build.0 = Release|Any CPU
		{EB4FA23F-47D7-4323-9211-2CF60FED0A81}.Release|x86.ActiveCfg = Release|Any CPU
		{EB4FA23F-47D7-4323-9211-2CF60FED0A81}.Release|x86.Build.0 = Release|Any CPU
		{39AD68C1-8FEF-4B75-82D8-2E6071680737}.Debug|Any CPU.ActiveCfg = Debug|Any CPU
		{39AD68C1-8FEF-4B75-82D8-2E6071680737}.Debug|Any CPU.Build.0 = Debug|Any CPU
		{39AD68C1-8FEF-4B75-82D8-2E6071680737}.Debug|x64.ActiveCfg = Debug|Any CPU
		{39AD68C1-8FEF-4B75-82D8-2E6071680737}.Debug|x64.Build.0 = Debug|Any CPU
		{39AD68C1-8FEF-4B75-82D8-2E6071680737}.Debug|x86.ActiveCfg = Debug|Any CPU
		{39AD68C1-8FEF-4B75-82D8-2E6071680737}.Debug|x86.Build.0 = Debug|Any CPU
		{39AD68C1-8FEF-4B75-82D8-2E6071680737}.Release|Any CPU.ActiveCfg = Release|Any CPU
		{39AD68C1-8FEF-4B75-82D8-2E6071680737}.Release|Any CPU.Build.0 = Release|Any CPU
		{39AD68C1-8FEF-4B75-82D8-2E6071680737}.Release|x64.ActiveCfg = Release|Any CPU
		{39AD68C1-8FEF-4B75-82D8-2E6071680737}.Release|x64.Build.0 = Release|Any CPU
		{39AD68C1-8FEF-4B75-82D8-2E6071680737}.Release|x86.ActiveCfg = Release|Any CPU
		{39AD68C1-8FEF-4B75-82D8-2E6071680737}.Release|x86.Build.0 = Release|Any CPU
		{830309E8-432D-437A-9F3E-D7A8925D09B8}.Debug|Any CPU.ActiveCfg = Debug|Any CPU
		{830309E8-432D-437A-9F3E-D7A8925D09B8}.Debug|Any CPU.Build.0 = Debug|Any CPU
		{830309E8-432D-437A-9F3E-D7A8925D09B8}.Debug|x64.ActiveCfg = Debug|Any CPU
		{830309E8-432D-437A-9F3E-D7A8925D09B8}.Debug|x64.Build.0 = Debug|Any CPU
		{830309E8-432D-437A-9F3E-D7A8925D09B8}.Debug|x86.ActiveCfg = Debug|Any CPU
		{830309E8-432D-437A-9F3E-D7A8925D09B8}.Debug|x86.Build.0 = Debug|Any CPU
		{830309E8-432D-437A-9F3E-D7A8925D09B8}.Release|Any CPU.ActiveCfg = Release|Any CPU
		{830309E8-432D-437A-9F3E-D7A8925D09B8}.Release|Any CPU.Build.0 = Release|Any CPU
		{830309E8-432D-437A-9F3E-D7A8925D09B8}.Release|x64.ActiveCfg = Release|Any CPU
		{830309E8-432D-437A-9F3E-D7A8925D09B8}.Release|x64.Build.0 = Release|Any CPU
		{830309E8-432D-437A-9F3E-D7A8925D09B8}.Release|x86.ActiveCfg = Release|Any CPU
		{830309E8-432D-437A-9F3E-D7A8925D09B8}.Release|x86.Build.0 = Release|Any CPU
		{5EF4554F-F70B-4499-8EF6-07CADD8AF843}.Debug|Any CPU.ActiveCfg = Debug|Any CPU
		{5EF4554F-F70B-4499-8EF6-07CADD8AF843}.Debug|Any CPU.Build.0 = Debug|Any CPU
		{5EF4554F-F70B-4499-8EF6-07CADD8AF843}.Debug|x64.ActiveCfg = Debug|Any CPU
		{5EF4554F-F70B-4499-8EF6-07CADD8AF843}.Debug|x64.Build.0 = Debug|Any CPU
		{5EF4554F-F70B-4499-8EF6-07CADD8AF843}.Debug|x86.ActiveCfg = Debug|x86
		{5EF4554F-F70B-4499-8EF6-07CADD8AF843}.Debug|x86.Build.0 = Debug|x86
		{5EF4554F-F70B-4499-8EF6-07CADD8AF843}.Release|Any CPU.ActiveCfg = Release|Any CPU
		{5EF4554F-F70B-4499-8EF6-07CADD8AF843}.Release|Any CPU.Build.0 = Release|Any CPU
		{5EF4554F-F70B-4499-8EF6-07CADD8AF843}.Release|x64.ActiveCfg = Release|Any CPU
		{5EF4554F-F70B-4499-8EF6-07CADD8AF843}.Release|x64.Build.0 = Release|Any CPU
		{5EF4554F-F70B-4499-8EF6-07CADD8AF843}.Release|x86.ActiveCfg = Release|x86
		{5EF4554F-F70B-4499-8EF6-07CADD8AF843}.Release|x86.Build.0 = Release|x86
		{92B1BD49-4868-4D88-B188-30F992E339E2}.Debug|Any CPU.ActiveCfg = Debug|Any CPU
		{92B1BD49-4868-4D88-B188-30F992E339E2}.Debug|Any CPU.Build.0 = Debug|Any CPU
		{92B1BD49-4868-4D88-B188-30F992E339E2}.Debug|x64.ActiveCfg = Debug|Any CPU
		{92B1BD49-4868-4D88-B188-30F992E339E2}.Debug|x64.Build.0 = Debug|Any CPU
		{92B1BD49-4868-4D88-B188-30F992E339E2}.Debug|x86.ActiveCfg = Debug|Any CPU
		{92B1BD49-4868-4D88-B188-30F992E339E2}.Debug|x86.Build.0 = Debug|Any CPU
		{92B1BD49-4868-4D88-B188-30F992E339E2}.Release|Any CPU.ActiveCfg = Release|Any CPU
		{92B1BD49-4868-4D88-B188-30F992E339E2}.Release|Any CPU.Build.0 = Release|Any CPU
		{92B1BD49-4868-4D88-B188-30F992E339E2}.Release|x64.ActiveCfg = Release|Any CPU
		{92B1BD49-4868-4D88-B188-30F992E339E2}.Release|x64.Build.0 = Release|Any CPU
		{92B1BD49-4868-4D88-B188-30F992E339E2}.Release|x86.ActiveCfg = Release|Any CPU
		{92B1BD49-4868-4D88-B188-30F992E339E2}.Release|x86.Build.0 = Release|Any CPU
		{B51CD3E2-0663-4A0D-AF36-B16ED291F033}.Debug|Any CPU.ActiveCfg = Debug|Any CPU
		{B51CD3E2-0663-4A0D-AF36-B16ED291F033}.Debug|Any CPU.Build.0 = Debug|Any CPU
		{B51CD3E2-0663-4A0D-AF36-B16ED291F033}.Debug|x64.ActiveCfg = Debug|Any CPU
		{B51CD3E2-0663-4A0D-AF36-B16ED291F033}.Debug|x64.Build.0 = Debug|Any CPU
		{B51CD3E2-0663-4A0D-AF36-B16ED291F033}.Debug|x86.ActiveCfg = Debug|x86
		{B51CD3E2-0663-4A0D-AF36-B16ED291F033}.Debug|x86.Build.0 = Debug|x86
		{B51CD3E2-0663-4A0D-AF36-B16ED291F033}.Release|Any CPU.ActiveCfg = Release|Any CPU
		{B51CD3E2-0663-4A0D-AF36-B16ED291F033}.Release|Any CPU.Build.0 = Release|Any CPU
		{B51CD3E2-0663-4A0D-AF36-B16ED291F033}.Release|x64.ActiveCfg = Release|Any CPU
		{B51CD3E2-0663-4A0D-AF36-B16ED291F033}.Release|x64.Build.0 = Release|Any CPU
		{B51CD3E2-0663-4A0D-AF36-B16ED291F033}.Release|x86.ActiveCfg = Release|x86
		{B51CD3E2-0663-4A0D-AF36-B16ED291F033}.Release|x86.Build.0 = Release|x86
		{CB39CC18-6171-487E-BE1D-AB1B4C927A1E}.Debug|Any CPU.ActiveCfg = Debug|Any CPU
		{CB39CC18-6171-487E-BE1D-AB1B4C927A1E}.Debug|Any CPU.Build.0 = Debug|Any CPU
		{CB39CC18-6171-487E-BE1D-AB1B4C927A1E}.Debug|x64.ActiveCfg = Debug|Any CPU
		{CB39CC18-6171-487E-BE1D-AB1B4C927A1E}.Debug|x64.Build.0 = Debug|Any CPU
		{CB39CC18-6171-487E-BE1D-AB1B4C927A1E}.Debug|x86.ActiveCfg = Debug|Any CPU
		{CB39CC18-6171-487E-BE1D-AB1B4C927A1E}.Debug|x86.Build.0 = Debug|Any CPU
		{CB39CC18-6171-487E-BE1D-AB1B4C927A1E}.Release|Any CPU.ActiveCfg = Release|Any CPU
		{CB39CC18-6171-487E-BE1D-AB1B4C927A1E}.Release|Any CPU.Build.0 = Release|Any CPU
		{CB39CC18-6171-487E-BE1D-AB1B4C927A1E}.Release|x64.ActiveCfg = Release|Any CPU
		{CB39CC18-6171-487E-BE1D-AB1B4C927A1E}.Release|x64.Build.0 = Release|Any CPU
		{CB39CC18-6171-487E-BE1D-AB1B4C927A1E}.Release|x86.ActiveCfg = Release|Any CPU
		{CB39CC18-6171-487E-BE1D-AB1B4C927A1E}.Release|x86.Build.0 = Release|Any CPU
		{9CB85F14-7126-4F14-98EA-F295F604E346}.Debug|Any CPU.ActiveCfg = Debug|Any CPU
		{9CB85F14-7126-4F14-98EA-F295F604E346}.Debug|Any CPU.Build.0 = Debug|Any CPU
		{9CB85F14-7126-4F14-98EA-F295F604E346}.Debug|x64.ActiveCfg = Debug|Any CPU
		{9CB85F14-7126-4F14-98EA-F295F604E346}.Debug|x64.Build.0 = Debug|Any CPU
		{9CB85F14-7126-4F14-98EA-F295F604E346}.Debug|x86.ActiveCfg = Debug|x86
		{9CB85F14-7126-4F14-98EA-F295F604E346}.Debug|x86.Build.0 = Debug|x86
		{9CB85F14-7126-4F14-98EA-F295F604E346}.Release|Any CPU.ActiveCfg = Release|Any CPU
		{9CB85F14-7126-4F14-98EA-F295F604E346}.Release|Any CPU.Build.0 = Release|Any CPU
		{9CB85F14-7126-4F14-98EA-F295F604E346}.Release|x64.ActiveCfg = Release|Any CPU
		{9CB85F14-7126-4F14-98EA-F295F604E346}.Release|x64.Build.0 = Release|Any CPU
		{9CB85F14-7126-4F14-98EA-F295F604E346}.Release|x86.ActiveCfg = Release|x86
		{9CB85F14-7126-4F14-98EA-F295F604E346}.Release|x86.Build.0 = Release|x86
		{69238E0C-1637-4AA3-B98E-349AABD11B3A}.Debug|Any CPU.ActiveCfg = Debug|Any CPU
		{69238E0C-1637-4AA3-B98E-349AABD11B3A}.Debug|Any CPU.Build.0 = Debug|Any CPU
		{69238E0C-1637-4AA3-B98E-349AABD11B3A}.Debug|x64.ActiveCfg = Debug|Any CPU
		{69238E0C-1637-4AA3-B98E-349AABD11B3A}.Debug|x64.Build.0 = Debug|Any CPU
		{69238E0C-1637-4AA3-B98E-349AABD11B3A}.Debug|x86.ActiveCfg = Debug|x86
		{69238E0C-1637-4AA3-B98E-349AABD11B3A}.Debug|x86.Build.0 = Debug|x86
		{69238E0C-1637-4AA3-B98E-349AABD11B3A}.Release|Any CPU.ActiveCfg = Release|Any CPU
		{69238E0C-1637-4AA3-B98E-349AABD11B3A}.Release|Any CPU.Build.0 = Release|Any CPU
		{69238E0C-1637-4AA3-B98E-349AABD11B3A}.Release|x64.ActiveCfg = Release|Any CPU
		{69238E0C-1637-4AA3-B98E-349AABD11B3A}.Release|x64.Build.0 = Release|Any CPU
		{69238E0C-1637-4AA3-B98E-349AABD11B3A}.Release|x86.ActiveCfg = Release|x86
		{69238E0C-1637-4AA3-B98E-349AABD11B3A}.Release|x86.Build.0 = Release|x86
		{F69D0AF2-643D-4A01-A689-93FC2FBFA619}.Debug|Any CPU.ActiveCfg = Debug|Any CPU
		{F69D0AF2-643D-4A01-A689-93FC2FBFA619}.Debug|Any CPU.Build.0 = Debug|Any CPU
		{F69D0AF2-643D-4A01-A689-93FC2FBFA619}.Debug|x64.ActiveCfg = Debug|Any CPU
		{F69D0AF2-643D-4A01-A689-93FC2FBFA619}.Debug|x64.Build.0 = Debug|Any CPU
		{F69D0AF2-643D-4A01-A689-93FC2FBFA619}.Debug|x86.ActiveCfg = Debug|Any CPU
		{F69D0AF2-643D-4A01-A689-93FC2FBFA619}.Debug|x86.Build.0 = Debug|Any CPU
		{F69D0AF2-643D-4A01-A689-93FC2FBFA619}.Release|Any CPU.ActiveCfg = Release|Any CPU
		{F69D0AF2-643D-4A01-A689-93FC2FBFA619}.Release|Any CPU.Build.0 = Release|Any CPU
		{F69D0AF2-643D-4A01-A689-93FC2FBFA619}.Release|x64.ActiveCfg = Release|Any CPU
		{F69D0AF2-643D-4A01-A689-93FC2FBFA619}.Release|x64.Build.0 = Release|Any CPU
		{F69D0AF2-643D-4A01-A689-93FC2FBFA619}.Release|x86.ActiveCfg = Release|Any CPU
		{F69D0AF2-643D-4A01-A689-93FC2FBFA619}.Release|x86.Build.0 = Release|Any CPU
		{2B05E7BF-F5A5-4C3D-BB92-30D3682A2B53}.Debug|Any CPU.ActiveCfg = Debug|Any CPU
		{2B05E7BF-F5A5-4C3D-BB92-30D3682A2B53}.Debug|Any CPU.Build.0 = Debug|Any CPU
		{2B05E7BF-F5A5-4C3D-BB92-30D3682A2B53}.Debug|x64.ActiveCfg = Debug|Any CPU
		{2B05E7BF-F5A5-4C3D-BB92-30D3682A2B53}.Debug|x64.Build.0 = Debug|Any CPU
		{2B05E7BF-F5A5-4C3D-BB92-30D3682A2B53}.Debug|x86.ActiveCfg = Debug|Any CPU
		{2B05E7BF-F5A5-4C3D-BB92-30D3682A2B53}.Debug|x86.Build.0 = Debug|Any CPU
		{2B05E7BF-F5A5-4C3D-BB92-30D3682A2B53}.Release|Any CPU.ActiveCfg = Release|Any CPU
		{2B05E7BF-F5A5-4C3D-BB92-30D3682A2B53}.Release|Any CPU.Build.0 = Release|Any CPU
		{2B05E7BF-F5A5-4C3D-BB92-30D3682A2B53}.Release|x64.ActiveCfg = Release|Any CPU
		{2B05E7BF-F5A5-4C3D-BB92-30D3682A2B53}.Release|x64.Build.0 = Release|Any CPU
		{2B05E7BF-F5A5-4C3D-BB92-30D3682A2B53}.Release|x86.ActiveCfg = Release|Any CPU
		{2B05E7BF-F5A5-4C3D-BB92-30D3682A2B53}.Release|x86.Build.0 = Release|Any CPU
		{F0FBA8C9-0F75-486E-AAEF-419DF2E8B94E}.Debug|Any CPU.ActiveCfg = Debug|Any CPU
		{F0FBA8C9-0F75-486E-AAEF-419DF2E8B94E}.Debug|Any CPU.Build.0 = Debug|Any CPU
		{F0FBA8C9-0F75-486E-AAEF-419DF2E8B94E}.Debug|x64.ActiveCfg = Debug|Any CPU
		{F0FBA8C9-0F75-486E-AAEF-419DF2E8B94E}.Debug|x64.Build.0 = Debug|Any CPU
		{F0FBA8C9-0F75-486E-AAEF-419DF2E8B94E}.Debug|x86.ActiveCfg = Debug|Any CPU
		{F0FBA8C9-0F75-486E-AAEF-419DF2E8B94E}.Debug|x86.Build.0 = Debug|Any CPU
		{F0FBA8C9-0F75-486E-AAEF-419DF2E8B94E}.Release|Any CPU.ActiveCfg = Release|Any CPU
		{F0FBA8C9-0F75-486E-AAEF-419DF2E8B94E}.Release|Any CPU.Build.0 = Release|Any CPU
		{F0FBA8C9-0F75-486E-AAEF-419DF2E8B94E}.Release|x64.ActiveCfg = Release|Any CPU
		{F0FBA8C9-0F75-486E-AAEF-419DF2E8B94E}.Release|x64.Build.0 = Release|Any CPU
		{F0FBA8C9-0F75-486E-AAEF-419DF2E8B94E}.Release|x86.ActiveCfg = Release|Any CPU
		{F0FBA8C9-0F75-486E-AAEF-419DF2E8B94E}.Release|x86.Build.0 = Release|Any CPU
		{E09AA06F-B839-413B-A2AE-EFCCE35190B8}.Debug|Any CPU.ActiveCfg = Debug|Any CPU
		{E09AA06F-B839-413B-A2AE-EFCCE35190B8}.Debug|Any CPU.Build.0 = Debug|Any CPU
		{E09AA06F-B839-413B-A2AE-EFCCE35190B8}.Debug|x64.ActiveCfg = Debug|Any CPU
		{E09AA06F-B839-413B-A2AE-EFCCE35190B8}.Debug|x64.Build.0 = Debug|Any CPU
		{E09AA06F-B839-413B-A2AE-EFCCE35190B8}.Debug|x86.ActiveCfg = Debug|Any CPU
		{E09AA06F-B839-413B-A2AE-EFCCE35190B8}.Debug|x86.Build.0 = Debug|Any CPU
		{E09AA06F-B839-413B-A2AE-EFCCE35190B8}.Release|Any CPU.ActiveCfg = Release|Any CPU
		{E09AA06F-B839-413B-A2AE-EFCCE35190B8}.Release|Any CPU.Build.0 = Release|Any CPU
		{E09AA06F-B839-413B-A2AE-EFCCE35190B8}.Release|x64.ActiveCfg = Release|Any CPU
		{E09AA06F-B839-413B-A2AE-EFCCE35190B8}.Release|x64.Build.0 = Release|Any CPU
		{E09AA06F-B839-413B-A2AE-EFCCE35190B8}.Release|x86.ActiveCfg = Release|Any CPU
		{E09AA06F-B839-413B-A2AE-EFCCE35190B8}.Release|x86.Build.0 = Release|Any CPU
		{A2C340BC-0FBA-4022-B862-257048D5D44B}.Debug|Any CPU.ActiveCfg = Debug|Any CPU
		{A2C340BC-0FBA-4022-B862-257048D5D44B}.Debug|Any CPU.Build.0 = Debug|Any CPU
		{A2C340BC-0FBA-4022-B862-257048D5D44B}.Debug|x64.ActiveCfg = Debug|Any CPU
		{A2C340BC-0FBA-4022-B862-257048D5D44B}.Debug|x64.Build.0 = Debug|Any CPU
		{A2C340BC-0FBA-4022-B862-257048D5D44B}.Debug|x86.ActiveCfg = Debug|Any CPU
		{A2C340BC-0FBA-4022-B862-257048D5D44B}.Debug|x86.Build.0 = Debug|Any CPU
		{A2C340BC-0FBA-4022-B862-257048D5D44B}.Release|Any CPU.ActiveCfg = Release|Any CPU
		{A2C340BC-0FBA-4022-B862-257048D5D44B}.Release|Any CPU.Build.0 = Release|Any CPU
		{A2C340BC-0FBA-4022-B862-257048D5D44B}.Release|x64.ActiveCfg = Release|Any CPU
		{A2C340BC-0FBA-4022-B862-257048D5D44B}.Release|x64.Build.0 = Release|Any CPU
		{A2C340BC-0FBA-4022-B862-257048D5D44B}.Release|x86.ActiveCfg = Release|Any CPU
		{A2C340BC-0FBA-4022-B862-257048D5D44B}.Release|x86.Build.0 = Release|Any CPU
		{CB97F966-D46D-4EE0-A65A-D4F30D19FF87}.Debug|Any CPU.ActiveCfg = Debug|Any CPU
		{CB97F966-D46D-4EE0-A65A-D4F30D19FF87}.Debug|Any CPU.Build.0 = Debug|Any CPU
		{CB97F966-D46D-4EE0-A65A-D4F30D19FF87}.Debug|x64.ActiveCfg = Debug|Any CPU
		{CB97F966-D46D-4EE0-A65A-D4F30D19FF87}.Debug|x64.Build.0 = Debug|Any CPU
		{CB97F966-D46D-4EE0-A65A-D4F30D19FF87}.Debug|x86.ActiveCfg = Debug|Any CPU
		{CB97F966-D46D-4EE0-A65A-D4F30D19FF87}.Debug|x86.Build.0 = Debug|Any CPU
		{CB97F966-D46D-4EE0-A65A-D4F30D19FF87}.Release|Any CPU.ActiveCfg = Release|Any CPU
		{CB97F966-D46D-4EE0-A65A-D4F30D19FF87}.Release|Any CPU.Build.0 = Release|Any CPU
		{CB97F966-D46D-4EE0-A65A-D4F30D19FF87}.Release|x64.ActiveCfg = Release|Any CPU
		{CB97F966-D46D-4EE0-A65A-D4F30D19FF87}.Release|x64.Build.0 = Release|Any CPU
		{CB97F966-D46D-4EE0-A65A-D4F30D19FF87}.Release|x86.ActiveCfg = Release|Any CPU
		{CB97F966-D46D-4EE0-A65A-D4F30D19FF87}.Release|x86.Build.0 = Release|Any CPU
		{B000B0DA-8A60-40B3-9B1E-2C4CA74B2668}.Debug|Any CPU.ActiveCfg = Debug|Any CPU
		{B000B0DA-8A60-40B3-9B1E-2C4CA74B2668}.Debug|Any CPU.Build.0 = Debug|Any CPU
		{B000B0DA-8A60-40B3-9B1E-2C4CA74B2668}.Debug|x64.ActiveCfg = Debug|x64
		{B000B0DA-8A60-40B3-9B1E-2C4CA74B2668}.Debug|x64.Build.0 = Debug|x64
		{B000B0DA-8A60-40B3-9B1E-2C4CA74B2668}.Debug|x86.ActiveCfg = Debug|x86
		{B000B0DA-8A60-40B3-9B1E-2C4CA74B2668}.Debug|x86.Build.0 = Debug|x86
		{B000B0DA-8A60-40B3-9B1E-2C4CA74B2668}.Release|Any CPU.ActiveCfg = Release|Any CPU
		{B000B0DA-8A60-40B3-9B1E-2C4CA74B2668}.Release|Any CPU.Build.0 = Release|Any CPU
		{B000B0DA-8A60-40B3-9B1E-2C4CA74B2668}.Release|x64.ActiveCfg = Release|x64
		{B000B0DA-8A60-40B3-9B1E-2C4CA74B2668}.Release|x64.Build.0 = Release|x64
		{B000B0DA-8A60-40B3-9B1E-2C4CA74B2668}.Release|x86.ActiveCfg = Release|x86
		{B000B0DA-8A60-40B3-9B1E-2C4CA74B2668}.Release|x86.Build.0 = Release|x86
		{1852F61E-1813-4063-9A46-F4F51490D7D1}.Debug|Any CPU.ActiveCfg = Debug|Any CPU
		{1852F61E-1813-4063-9A46-F4F51490D7D1}.Debug|Any CPU.Build.0 = Debug|Any CPU
		{1852F61E-1813-4063-9A46-F4F51490D7D1}.Debug|x64.ActiveCfg = Debug|Any CPU
		{1852F61E-1813-4063-9A46-F4F51490D7D1}.Debug|x64.Build.0 = Debug|Any CPU
		{1852F61E-1813-4063-9A46-F4F51490D7D1}.Debug|x86.ActiveCfg = Debug|Any CPU
		{1852F61E-1813-4063-9A46-F4F51490D7D1}.Debug|x86.Build.0 = Debug|Any CPU
		{1852F61E-1813-4063-9A46-F4F51490D7D1}.Release|Any CPU.ActiveCfg = Release|Any CPU
		{1852F61E-1813-4063-9A46-F4F51490D7D1}.Release|Any CPU.Build.0 = Release|Any CPU
		{1852F61E-1813-4063-9A46-F4F51490D7D1}.Release|x64.ActiveCfg = Release|Any CPU
		{1852F61E-1813-4063-9A46-F4F51490D7D1}.Release|x64.Build.0 = Release|Any CPU
		{1852F61E-1813-4063-9A46-F4F51490D7D1}.Release|x86.ActiveCfg = Release|Any CPU
		{1852F61E-1813-4063-9A46-F4F51490D7D1}.Release|x86.Build.0 = Release|Any CPU
		{07B39579-FA0C-40F8-9497-5EC4A9B33098}.Debug|Any CPU.ActiveCfg = Debug|Any CPU
		{07B39579-FA0C-40F8-9497-5EC4A9B33098}.Debug|Any CPU.Build.0 = Debug|Any CPU
		{07B39579-FA0C-40F8-9497-5EC4A9B33098}.Debug|x64.ActiveCfg = Debug|Any CPU
		{07B39579-FA0C-40F8-9497-5EC4A9B33098}.Debug|x64.Build.0 = Debug|Any CPU
		{07B39579-FA0C-40F8-9497-5EC4A9B33098}.Debug|x86.ActiveCfg = Debug|Any CPU
		{07B39579-FA0C-40F8-9497-5EC4A9B33098}.Debug|x86.Build.0 = Debug|Any CPU
		{07B39579-FA0C-40F8-9497-5EC4A9B33098}.Release|Any CPU.ActiveCfg = Release|Any CPU
		{07B39579-FA0C-40F8-9497-5EC4A9B33098}.Release|Any CPU.Build.0 = Release|Any CPU
		{07B39579-FA0C-40F8-9497-5EC4A9B33098}.Release|x64.ActiveCfg = Release|Any CPU
		{07B39579-FA0C-40F8-9497-5EC4A9B33098}.Release|x64.Build.0 = Release|Any CPU
		{07B39579-FA0C-40F8-9497-5EC4A9B33098}.Release|x86.ActiveCfg = Release|Any CPU
		{07B39579-FA0C-40F8-9497-5EC4A9B33098}.Release|x86.Build.0 = Release|Any CPU
		{5F4935AE-CE53-442D-8BA7-F391DBB71404}.Debug|Any CPU.ActiveCfg = Debug|Any CPU
		{5F4935AE-CE53-442D-8BA7-F391DBB71404}.Debug|Any CPU.Build.0 = Debug|Any CPU
		{5F4935AE-CE53-442D-8BA7-F391DBB71404}.Debug|x64.ActiveCfg = Debug|Any CPU
		{5F4935AE-CE53-442D-8BA7-F391DBB71404}.Debug|x64.Build.0 = Debug|Any CPU
		{5F4935AE-CE53-442D-8BA7-F391DBB71404}.Debug|x86.ActiveCfg = Debug|Any CPU
		{5F4935AE-CE53-442D-8BA7-F391DBB71404}.Debug|x86.Build.0 = Debug|Any CPU
		{5F4935AE-CE53-442D-8BA7-F391DBB71404}.Release|Any CPU.ActiveCfg = Release|Any CPU
		{5F4935AE-CE53-442D-8BA7-F391DBB71404}.Release|Any CPU.Build.0 = Release|Any CPU
		{5F4935AE-CE53-442D-8BA7-F391DBB71404}.Release|x64.ActiveCfg = Release|Any CPU
		{5F4935AE-CE53-442D-8BA7-F391DBB71404}.Release|x64.Build.0 = Release|Any CPU
		{5F4935AE-CE53-442D-8BA7-F391DBB71404}.Release|x86.ActiveCfg = Release|Any CPU
		{5F4935AE-CE53-442D-8BA7-F391DBB71404}.Release|x86.Build.0 = Release|Any CPU
	EndGlobalSection
	GlobalSection(SolutionProperties) = preSolution
		HideSolutionNode = FALSE
	EndGlobalSection
	GlobalSection(NestedProjects) = preSolution
		{4D7854BA-CAA9-4543-B25F-C480FD0D88DF} = {5D3D83A5-9061-4B82-BC28-7957B135E4A3}
		{CD31357A-D8D3-4AD1-BF0B-2ABCFD735F96} = {5D3D83A5-9061-4B82-BC28-7957B135E4A3}
		{645B9772-D351-4A92-9A56-D1EE446E81D3} = {5D3D83A5-9061-4B82-BC28-7957B135E4A3}
		{875890BA-D4A0-4100-A924-7F5842C7AB89} = {5D3D83A5-9061-4B82-BC28-7957B135E4A3}
		{64B8F059-9979-40D2-AA55-AB28D5DF8A8B} = {5D3D83A5-9061-4B82-BC28-7957B135E4A3}
		{CFD6D70A-A7DE-4DA3-ACA6-7CA21960D4F6} = {5D3D83A5-9061-4B82-BC28-7957B135E4A3}
		{739B039D-FD89-486A-889F-44C74443DDB9} = {5D3D83A5-9061-4B82-BC28-7957B135E4A3}
		{15CB906F-8BE8-4F7A-80FA-7C538388DA24} = {5D3D83A5-9061-4B82-BC28-7957B135E4A3}
		{8CE01EA6-5758-42F8-9593-7D7A5C83692C} = {5D3D83A5-9061-4B82-BC28-7957B135E4A3}
		{64197B7D-F0E2-4B9C-946A-44A63555F2A4} = {5D3D83A5-9061-4B82-BC28-7957B135E4A3}
		{D0B46462-1310-4552-B35A-AD7E3FA1BD5A} = {5D3D83A5-9061-4B82-BC28-7957B135E4A3}
		{88191122-2EB1-4D3A-B4C9-B61E3372ECB2} = {5D3D83A5-9061-4B82-BC28-7957B135E4A3}
		{EB4FA23F-47D7-4323-9211-2CF60FED0A81} = {5D3D83A5-9061-4B82-BC28-7957B135E4A3}
		{39AD68C1-8FEF-4B75-82D8-2E6071680737} = {5D3D83A5-9061-4B82-BC28-7957B135E4A3}
		{E09AA06F-B839-413B-A2AE-EFCCE35190B8} = {5D3D83A5-9061-4B82-BC28-7957B135E4A3}
		{B000B0DA-8A60-40B3-9B1E-2C4CA74B2668} = {5D3D83A5-9061-4B82-BC28-7957B135E4A3}
	EndGlobalSection
	GlobalSection(ExtensibilityGlobals) = postSolution
		SolutionGuid = {826E0F4C-D1D3-4115-8F7D-13F13E5D3CE5}
	EndGlobalSection
EndGlobal
